Microsoft Visual Studio Solution File, Format Version 11.00
# Visual Studio 2008

Project("{A310473B-7BA2-36D5-14A0-BA863E384836}") = "JamesRoberts_com_VR-demo", "Assembly-CSharp.csproj", "{9249DD4F-B34A-152C-D9BB-683BD19947F0}"
EndProject
Global
	GlobalSection(SolutionConfigurationPlatforms) = preSolution
		Debug|Any CPU = Debug|Any CPU
		Release|Any CPU = Release|Any CPU
	EndGlobalSection
	GlobalSection(ProjectConfigurationPlatforms) = postSolution
		{9249DD4F-B34A-152C-D9BB-683BD19947F0}.Debug|Any CPU.ActiveCfg = Debug|Any CPU
		{9249DD4F-B34A-152C-D9BB-683BD19947F0}.Debug|Any CPU.Build.0 = Debug|Any CPU
		{9249DD4F-B34A-152C-D9BB-683BD19947F0}.Release|Any CPU.ActiveCfg = Release|Any CPU
		{9249DD4F-B34A-152C-D9BB-683BD19947F0}.Release|Any CPU.Build.0 = Release|Any CPU
	EndGlobalSection
	GlobalSection(SolutionProperties) = preSolution
		HideSolutionNode = FALSE
	EndGlobalSection
	GlobalSection(MonoDevelopProperties) = preSolution
		StartupItem = Assembly-CSharp.csproj
	EndGlobalSection
EndGlobal
